<?xml version="1.0" encoding="UTF-8"?>
<Project ToolsVersion="4.0" xmlns="http://schemas.microsoft.com/developer/msbuild/2003">
  <ItemGroup>
    <CustomBuild Include="..\CMakeFiles\75d560f061dfa9df8ee9ea9db1076e28\INSTALL_force.rule">
      <Filter>CMake Rules</Filter>
    </CustomBuild>
  </ItemGroup>
  <ItemGroup>
    <Filter Include="CMake Rules">
      <UniqueIdentifier>{3DD505A5-F43E-32C6-A06B-FC4E6950B3BF}</UniqueIdentifier>
    </Filter>
  </ItemGroup>
</Project>
